
Microsoft Visual Studio Solution File, Format Version 12.00
# Visual Studio Version 17
VisualStudioVersion = 17.0.32126.317
MinimumVisualStudioVersion = 10.0.40219.1
Project("{8BC9CEB8-8B4A-11D0-8D11-00A0C91BC942}") = "queue_2164", "queue_2164\queue_2164.vcxproj", "{AD932FEE-15A3-4C79-9BA7-6F157457445A}"
EndProject
Global
	GlobalSection(SolutionConfigurationPlatforms) = preSolution
		Debug|x64 = Debug|x64
		Debug|x86 = Debug|x86
		Release|x64 = Release|x64
		Release|x86 = Release|x86
	EndGlobalSection
	GlobalSection(ProjectConfigurationPlatforms) = postSolution
		{AD932FEE-15A3-4C79-9BA7-6F157457445A}.Debug|x64.ActiveCfg = Debug|x64
		{AD932FEE-15A3-4C79-9BA7-6F157457445A}.Debug|x64.Build.0 = Debug|x64
		{AD932FEE-15A3-4C79-9BA7-6F157457445A}.Debug|x86.ActiveCfg = Debug|Win32
		{AD932FEE-15A3-4C79-9BA7-6F157457445A}.Debug|x86.Build.0 = Debug|Win32
		{AD932FEE-15A3-4C79-9BA7-6F157457445A}.Release|x64.ActiveCfg = Release|x64
		{AD932FEE-15A3-4C79-9BA7-6F157457445A}.Release|x64.Build.0 = Release|x64
		{AD932FEE-15A3-4C79-9BA7-6F157457445A}.Release|x86.ActiveCfg = Release|Win32
		{AD932FEE-15A3-4C79-9BA7-6F157457445A}.Release|x86.Build.0 = Release|Win32
	EndGlobalSection
	GlobalSection(SolutionProperties) = preSolution
		HideSolutionNode = FALSE
	EndGlobalSection
	GlobalSection(ExtensibilityGlobals) = postSolution
		SolutionGuid = {066BF7CC-AA99-41FA-B3AF-2F2619C21CC2}
	EndGlobalSection
EndGlobal
